
Microsoft Visual Studio Solution File, Format Version 12.00
# Visual Studio Version 17
VisualStudioVersion = 17.8.34525.116
MinimumVisualStudioVersion = 10.0.40219.1
Project("{2150E333-8FDC-42A3-9474-1A3956D46DE8}") = "DependencyInjection", "DependencyInjection", "{7A003B99-614B-4280-B05E-6C7EF56C28F2}"
EndProject
Project("{9A19103F-16F7-4668-BE54-9A1E7A4F7556}") = "DependencyInjection", "DependencyInjection\DependencyInjection.csproj", "{E927F32B-E9B0-454C-A17B-5522AA45BEC8}"
EndProject
Project("{2150E333-8FDC-42A3-9474-1A3956D46DE8}") = "EntityFrameworkCore", "EntityFrameworkCore", "{640B70D0-A8C2-4EBB-B032-45C95490CA56}"
EndProject
Project("{9A19103F-16F7-4668-BE54-9A1E7A4F7556}") = "First", "First\First.csproj", "{97231CE9-9360-4727-A154-C4FE5072C705}"
EndProject
Project("{9A19103F-16F7-4668-BE54-9A1E7A4F7556}") = "Auth", "Auth\Auth.csproj", "{E1654963-DCD5-447A-81B0-DBBEFE47533A}"
EndProject
Project("{9A19103F-16F7-4668-BE54-9A1E7A4F7556}") = "ClassYapilari", "ClassYapilari\ClassYapilari.csproj", "{919A8635-0AA6-4EE6-9AFE-53EF48C03DFC}"
EndProject
Project("{9A19103F-16F7-4668-BE54-9A1E7A4F7556}") = "Employee", "Employee\Employee.csproj", "{AD586235-99F2-4511-A7F6-57DB2807E41A}"
EndProject
Project("{9A19103F-16F7-4668-BE54-9A1E7A4F7556}") = "Releational", "Releational\Releational.csproj", "{86FF9BA3-32B1-4C84-89AC-908B45F409E0}"
EndProject
Project("{9A19103F-16F7-4668-BE54-9A1E7A4F7556}") = "RepositoryDesignPattern", "RepositoryDesignPattern\RepositoryDesignPattern.csproj", "{98637AB0-1285-4DA6-9289-BCCDFFAABAD0}"
EndProject
Project("{9A19103F-16F7-4668-BE54-9A1E7A4F7556}") = "NewDependencyInjection", "NewDependencyInjection\NewDependencyInjection.csproj", "{884B9973-D8BB-4199-A47E-05E370AFAAB6}"
EndProject
Project("{9A19103F-16F7-4668-BE54-9A1E7A4F7556}") = "Connection", "Connection\Connection.csproj", "{08ABB4FB-80B9-49DB-8EBA-04C67986D841}"
EndProject
Project("{9A19103F-16F7-4668-BE54-9A1E7A4F7556}") = "BenchMark.Console", "BenchMark.Console\BenchMark.Console.csproj", "{1D2C48C6-98B4-4E2E-8026-4FBB9EA7518C}"
EndProject
Project("{9A19103F-16F7-4668-BE54-9A1E7A4F7556}") = "IEntityTypeConfiguration", "IEntityTypeConfiguration\IEntityTypeConfiguration.csproj", "{A145BDB8-7A77-4404-A46A-CDEFC0B7B3FA}"
EndProject
Project("{9A19103F-16F7-4668-BE54-9A1E7A4F7556}") = "NCategories", "NCategories\NCategories.csproj", "{01A5DEF4-A497-4EEF-AF4C-C9FED01999FF}"
EndProject
Project("{9A19103F-16F7-4668-BE54-9A1E7A4F7556}") = "OnModelCreating", "OnModelCreating\OnModelCreating.csproj", "{8F46898F-73E3-403B-BFC1-A79D18203237}"
EndProject
Project("{9A19103F-16F7-4668-BE54-9A1E7A4F7556}") = "Transaction", "Transaction\Transaction.csproj", "{179DE849-96F3-482B-BB80-495DD930966E}"
EndProject
Project("{FAE04EC0-301F-11D3-BF4B-00C04F79EFBC}") = "ExceptionHandler", "ExceptionHandler\ExceptionHandler.csproj", "{5C3E0DAA-05CE-424C-94B4-17835A750700}"
EndProject
Global
	GlobalSection(SolutionConfigurationPlatforms) = preSolution
		Debug|Any CPU = Debug|Any CPU
		Release|Any CPU = Release|Any CPU
	EndGlobalSection
	GlobalSection(ProjectConfigurationPlatforms) = postSolution
		{E927F32B-E9B0-454C-A17B-5522AA45BEC8}.Debug|Any CPU.ActiveCfg = Debug|Any CPU
		{E927F32B-E9B0-454C-A17B-5522AA45BEC8}.Debug|Any CPU.Build.0 = Debug|Any CPU
		{E927F32B-E9B0-454C-A17B-5522AA45BEC8}.Release|Any CPU.ActiveCfg = Release|Any CPU
		{E927F32B-E9B0-454C-A17B-5522AA45BEC8}.Release|Any CPU.Build.0 = Release|Any CPU
		{97231CE9-9360-4727-A154-C4FE5072C705}.Debug|Any CPU.ActiveCfg = Debug|Any CPU
		{97231CE9-9360-4727-A154-C4FE5072C705}.Debug|Any CPU.Build.0 = Debug|Any CPU
		{97231CE9-9360-4727-A154-C4FE5072C705}.Release|Any CPU.ActiveCfg = Release|Any CPU
		{97231CE9-9360-4727-A154-C4FE5072C705}.Release|Any CPU.Build.0 = Release|Any CPU
		{E1654963-DCD5-447A-81B0-DBBEFE47533A}.Debug|Any CPU.ActiveCfg = Debug|Any CPU
		{E1654963-DCD5-447A-81B0-DBBEFE47533A}.Debug|Any CPU.Build.0 = Debug|Any CPU
		{E1654963-DCD5-447A-81B0-DBBEFE47533A}.Release|Any CPU.ActiveCfg = Release|Any CPU
		{E1654963-DCD5-447A-81B0-DBBEFE47533A}.Release|Any CPU.Build.0 = Release|Any CPU
		{919A8635-0AA6-4EE6-9AFE-53EF48C03DFC}.Debug|Any CPU.ActiveCfg = Debug|Any CPU
		{919A8635-0AA6-4EE6-9AFE-53EF48C03DFC}.Debug|Any CPU.Build.0 = Debug|Any CPU
		{919A8635-0AA6-4EE6-9AFE-53EF48C03DFC}.Release|Any CPU.ActiveCfg = Release|Any CPU
		{919A8635-0AA6-4EE6-9AFE-53EF48C03DFC}.Release|Any CPU.Build.0 = Release|Any CPU
		{AD586235-99F2-4511-A7F6-57DB2807E41A}.Debug|Any CPU.ActiveCfg = Debug|Any CPU
		{AD586235-99F2-4511-A7F6-57DB2807E41A}.Debug|Any CPU.Build.0 = Debug|Any CPU
		{AD586235-99F2-4511-A7F6-57DB2807E41A}.Release|Any CPU.ActiveCfg = Release|Any CPU
		{AD586235-99F2-4511-A7F6-57DB2807E41A}.Release|Any CPU.Build.0 = Release|Any CPU
		{86FF9BA3-32B1-4C84-89AC-908B45F409E0}.Debug|Any CPU.ActiveCfg = Debug|Any CPU
		{86FF9BA3-32B1-4C84-89AC-908B45F409E0}.Debug|Any CPU.Build.0 = Debug|Any CPU
		{86FF9BA3-32B1-4C84-89AC-908B45F409E0}.Release|Any CPU.ActiveCfg = Release|Any CPU
		{86FF9BA3-32B1-4C84-89AC-908B45F409E0}.Release|Any CPU.Build.0 = Release|Any CPU
		{98637AB0-1285-4DA6-9289-BCCDFFAABAD0}.Debug|Any CPU.ActiveCfg = Debug|Any CPU
		{98637AB0-1285-4DA6-9289-BCCDFFAABAD0}.Debug|Any CPU.Build.0 = Debug|Any CPU
		{98637AB0-1285-4DA6-9289-BCCDFFAABAD0}.Release|Any CPU.ActiveCfg = Release|Any CPU
		{98637AB0-1285-4DA6-9289-BCCDFFAABAD0}.Release|Any CPU.Build.0 = Release|Any CPU
		{884B9973-D8BB-4199-A47E-05E370AFAAB6}.Debug|Any CPU.ActiveCfg = Debug|Any CPU
		{884B9973-D8BB-4199-A47E-05E370AFAAB6}.Debug|Any CPU.Build.0 = Debug|Any CPU
		{884B9973-D8BB-4199-A47E-05E370AFAAB6}.Release|Any CPU.ActiveCfg = Release|Any CPU
		{884B9973-D8BB-4199-A47E-05E370AFAAB6}.Release|Any CPU.Build.0 = Release|Any CPU
		{08ABB4FB-80B9-49DB-8EBA-04C67986D841}.Debug|Any CPU.ActiveCfg = Debug|Any CPU
		{08ABB4FB-80B9-49DB-8EBA-04C67986D841}.Debug|Any CPU.Build.0 = Debug|Any CPU
		{08ABB4FB-80B9-49DB-8EBA-04C67986D841}.Release|Any CPU.ActiveCfg = Release|Any CPU
		{08ABB4FB-80B9-49DB-8EBA-04C67986D841}.Release|Any CPU.Build.0 = Release|Any CPU
		{1D2C48C6-98B4-4E2E-8026-4FBB9EA7518C}.Debug|Any CPU.ActiveCfg = Debug|Any CPU
		{1D2C48C6-98B4-4E2E-8026-4FBB9EA7518C}.Debug|Any CPU.Build.0 = Debug|Any CPU
		{1D2C48C6-98B4-4E2E-8026-4FBB9EA7518C}.Release|Any CPU.ActiveCfg = Release|Any CPU
		{1D2C48C6-98B4-4E2E-8026-4FBB9EA7518C}.Release|Any CPU.Build.0 = Release|Any CPU
		{A145BDB8-7A77-4404-A46A-CDEFC0B7B3FA}.Debug|Any CPU.ActiveCfg = Debug|Any CPU
		{A145BDB8-7A77-4404-A46A-CDEFC0B7B3FA}.Debug|Any CPU.Build.0 = Debug|Any CPU
		{A145BDB8-7A77-4404-A46A-CDEFC0B7B3FA}.Release|Any CPU.ActiveCfg = Release|Any CPU
		{A145BDB8-7A77-4404-A46A-CDEFC0B7B3FA}.Release|Any CPU.Build.0 = Release|Any CPU
		{01A5DEF4-A497-4EEF-AF4C-C9FED01999FF}.Debug|Any CPU.ActiveCfg = Debug|Any CPU
		{01A5DEF4-A497-4EEF-AF4C-C9FED01999FF}.Debug|Any CPU.Build.0 = Debug|Any CPU
		{01A5DEF4-A497-4EEF-AF4C-C9FED01999FF}.Release|Any CPU.ActiveCfg = Release|Any CPU
		{01A5DEF4-A497-4EEF-AF4C-C9FED01999FF}.Release|Any CPU.Build.0 = Release|Any CPU
		{8F46898F-73E3-403B-BFC1-A79D18203237}.Debug|Any CPU.ActiveCfg = Debug|Any CPU
		{8F46898F-73E3-403B-BFC1-A79D18203237}.Debug|Any CPU.Build.0 = Debug|Any CPU
		{8F46898F-73E3-403B-BFC1-A79D18203237}.Release|Any CPU.ActiveCfg = Release|Any CPU
		{8F46898F-73E3-403B-BFC1-A79D18203237}.Release|Any CPU.Build.0 = Release|Any CPU
		{179DE849-96F3-482B-BB80-495DD930966E}.Debug|Any CPU.ActiveCfg = Debug|Any CPU
		{179DE849-96F3-482B-BB80-495DD930966E}.Debug|Any CPU.Build.0 = Debug|Any CPU
		{179DE849-96F3-482B-BB80-495DD930966E}.Release|Any CPU.ActiveCfg = Release|Any CPU
		{179DE849-96F3-482B-BB80-495DD930966E}.Release|Any CPU.Build.0 = Release|Any CPU
		{5C3E0DAA-05CE-424C-94B4-17835A750700}.Debug|Any CPU.ActiveCfg = Debug|Any CPU
		{5C3E0DAA-05CE-424C-94B4-17835A750700}.Debug|Any CPU.Build.0 = Debug|Any CPU
		{5C3E0DAA-05CE-424C-94B4-17835A750700}.Release|Any CPU.ActiveCfg = Release|Any CPU
		{5C3E0DAA-05CE-424C-94B4-17835A750700}.Release|Any CPU.Build.0 = Release|Any CPU
	EndGlobalSection
	GlobalSection(SolutionProperties) = preSolution
		HideSolutionNode = FALSE
	EndGlobalSection
	GlobalSection(NestedProjects) = preSolution
		{E927F32B-E9B0-454C-A17B-5522AA45BEC8} = {7A003B99-614B-4280-B05E-6C7EF56C28F2}
		{97231CE9-9360-4727-A154-C4FE5072C705} = {640B70D0-A8C2-4EBB-B032-45C95490CA56}
		{E1654963-DCD5-447A-81B0-DBBEFE47533A} = {640B70D0-A8C2-4EBB-B032-45C95490CA56}
		{919A8635-0AA6-4EE6-9AFE-53EF48C03DFC} = {640B70D0-A8C2-4EBB-B032-45C95490CA56}
		{AD586235-99F2-4511-A7F6-57DB2807E41A} = {640B70D0-A8C2-4EBB-B032-45C95490CA56}
		{86FF9BA3-32B1-4C84-89AC-908B45F409E0} = {640B70D0-A8C2-4EBB-B032-45C95490CA56}
		{98637AB0-1285-4DA6-9289-BCCDFFAABAD0} = {640B70D0-A8C2-4EBB-B032-45C95490CA56}
		{884B9973-D8BB-4199-A47E-05E370AFAAB6} = {7A003B99-614B-4280-B05E-6C7EF56C28F2}
		{08ABB4FB-80B9-49DB-8EBA-04C67986D841} = {640B70D0-A8C2-4EBB-B032-45C95490CA56}
		{1D2C48C6-98B4-4E2E-8026-4FBB9EA7518C} = {640B70D0-A8C2-4EBB-B032-45C95490CA56}
		{A145BDB8-7A77-4404-A46A-CDEFC0B7B3FA} = {640B70D0-A8C2-4EBB-B032-45C95490CA56}
		{01A5DEF4-A497-4EEF-AF4C-C9FED01999FF} = {640B70D0-A8C2-4EBB-B032-45C95490CA56}
		{8F46898F-73E3-403B-BFC1-A79D18203237} = {640B70D0-A8C2-4EBB-B032-45C95490CA56}
		{179DE849-96F3-482B-BB80-495DD930966E} = {640B70D0-A8C2-4EBB-B032-45C95490CA56}
		{5C3E0DAA-05CE-424C-94B4-17835A750700} = {640B70D0-A8C2-4EBB-B032-45C95490CA56}
	EndGlobalSection
	GlobalSection(ExtensibilityGlobals) = postSolution
		SolutionGuid = {65D91989-3B91-42BC-949D-34C4C73A6E4B}
	EndGlobalSection
EndGlobal
